// !$*UTF8*$!
{
	archiveVersion = 1;
	classes = {
	};
	objectVersion = 46;
	objects = {

/* Begin PBXBuildFile section */
		1A8A8A26B6C7479A9186DA19 /* libPods.a in Frameworks */ = {isa = PBXBuildFile; fileRef = EFB15EB263524DB8A3DC848F /* libPods.a */; };
		B70C0B8119720D550089AA10 /* Foundation.framework in Frameworks */ = {isa = PBXBuildFile; fileRef = B70C0B8019720D550089AA10 /* Foundation.framework */; };
		B70C0BAC19720E350089AA10 /* RPISessionManager.m in Sources */ = {isa = PBXBuildFile; fileRef = B70C0BAB19720E350089AA10 /* RPISessionManager.m */; };
		B70C0BAF19720E440089AA10 /* RPIDiscoveryManager.m in Sources */ = {isa = PBXBuildFile; fileRef = B70C0BAE19720E440089AA10 /* RPIDiscoveryManager.m */; };
		B70C0BB219720E640089AA10 /* RPIDevice.m in Sources */ = {isa = PBXBuildFile; fileRef = B70C0BB119720E640089AA10 /* RPIDevice.m */; };
		B713BCD919735CF60063893C /* RaspberryPiSDK.h in Headers */ = {isa = PBXBuildFile; fileRef = B70C0BA619720DE30089AA10 /* RaspberryPiSDK.h */; settings = {ATTRIBUTES = (Public, ); }; };
		B713BCDA19735CF60063893C /* RPIDevice.h in Headers */ = {isa = PBXBuildFile; fileRef = B70C0BB019720E640089AA10 /* RPIDevice.h */; settings = {ATTRIBUTES = (Public, ); }; };
		B713BCDB19735CF60063893C /* RPIError.h in Headers */ = {isa = PBXBuildFile; fileRef = B755330919726048007E8E3D /* RPIError.h */; settings = {ATTRIBUTES = (Public, ); }; };
		B713BCDC19735CF60063893C /* RPISessionManager.h in Headers */ = {isa = PBXBuildFile; fileRef = B70C0BAA19720E350089AA10 /* RPISessionManager.h */; settings = {ATTRIBUTES = (Public, ); }; };
		B713BCDD19735CF60063893C /* RPIDiscoveryManager.h in Headers */ = {isa = PBXBuildFile; fileRef = B70C0BAD19720E440089AA10 /* RPIDiscoveryManager.h */; settings = {ATTRIBUTES = (Public, ); }; };
		B713BCDE19735CF60063893C /* RPIDiscoveryManagerStatus.h in Headers */ = {isa = PBXBuildFile; fileRef = B755330419722171007E8E3D /* RPIDiscoveryManagerStatus.h */; settings = {ATTRIBUTES = (Public, ); }; };
		B713BCDF19735D050063893C /* RPINMSSHErrorHandler.h in Headers */ = {isa = PBXBuildFile; fileRef = B755330D1972618A007E8E3D /* RPINMSSHErrorHandler.h */; };
		B713BCE019735D0A0063893C /* RPIDeviceDiscoveryManager.h in Headers */ = {isa = PBXBuildFile; fileRef = B755330319721C69007E8E3D /* RPIDeviceDiscoveryManager.h */; };
		B713BCE119735D0D0063893C /* RPILocalDeviceDiscoveryManager.h in Headers */ = {isa = PBXBuildFile; fileRef = B755330019721C1E007E8E3D /* RPILocalDeviceDiscoveryManager.h */; };
		B72D819219736718000ED650 /* RPISessionManagerExecuteCommandTests.m in Sources */ = {isa = PBXBuildFile; fileRef = B72D819119736718000ED650 /* RPISessionManagerExecuteCommandTests.m */; };
		B755330219721C1E007E8E3D /* RPILocalDeviceDiscoveryManager.m in Sources */ = {isa = PBXBuildFile; fileRef = B755330119721C1E007E8E3D /* RPILocalDeviceDiscoveryManager.m */; };
		B755330B19726048007E8E3D /* RPIError.m in Sources */ = {isa = PBXBuildFile; fileRef = B755330A19726048007E8E3D /* RPIError.m */; };
		B755330F1972618A007E8E3D /* RPINMSSHErrorHandler.m in Sources */ = {isa = PBXBuildFile; fileRef = B755330E1972618A007E8E3D /* RPINMSSHErrorHandler.m */; };
		B78E796D197346D30022FBC7 /* XCTest.framework in Frameworks */ = {isa = PBXBuildFile; fileRef = B70C0B8E19720D550089AA10 /* XCTest.framework */; };
		B78E796E197346D30022FBC7 /* Foundation.framework in Frameworks */ = {isa = PBXBuildFile; fileRef = B70C0B8019720D550089AA10 /* Foundation.framework */; };
		B78E7975197346D30022FBC7 /* InfoPlist.strings in Resources */ = {isa = PBXBuildFile; fileRef = B78E7973197346D30022FBC7 /* InfoPlist.strings */; };
		B78E797F197346E10022FBC7 /* RPISessionManagerInvalidIPAddressTests.m in Sources */ = {isa = PBXBuildFile; fileRef = B78E797E197346E10022FBC7 /* RPISessionManagerInvalidIPAddressTests.m */; };
		B78E7980197346F90022FBC7 /* libRaspberryPiSDK.a in Frameworks */ = {isa = PBXBuildFile; fileRef = B70C0B7D19720D550089AA10 /* libRaspberryPiSDK.a */; };
/* End PBXBuildFile section */

/* Begin PBXContainerItemProxy section */
		B78E7979197346D30022FBC7 /* PBXContainerItemProxy */ = {
			isa = PBXContainerItemProxy;
			containerPortal = B70C0B7519720D550089AA10 /* Project object */;
			proxyType = 1;
			remoteGlobalIDString = B70C0B7C19720D550089AA10;
			remoteInfo = RaspberryPiSDK;
		};
/* End PBXContainerItemProxy section */

/* Begin PBXCopyFilesBuildPhase section */
		B70C0B7B19720D550089AA10 /* CopyFiles */ = {
			isa = PBXCopyFilesBuildPhase;
			buildActionMask = 2147483647;
			dstPath = "include/$(PRODUCT_NAME)";
			dstSubfolderSpec = 16;
			files = (
			);
			runOnlyForDeploymentPostprocessing = 0;
		};
/* End PBXCopyFilesBuildPhase section */

/* Begin PBXFileReference section */
		B70C0B7D19720D550089AA10 /* libRaspberryPiSDK.a */ = {isa = PBXFileReference; explicitFileType = archive.ar; includeInIndex = 0; path = libRaspberryPiSDK.a; sourceTree = BUILT_PRODUCTS_DIR; };
		B70C0B8019720D550089AA10 /* Foundation.framework */ = {isa = PBXFileReference; lastKnownFileType = wrapper.framework; name = Foundation.framework; path = System/Library/Frameworks/Foundation.framework; sourceTree = SDKROOT; };
		B70C0B8419720D550089AA10 /* RaspberryPiSDK-Prefix.pch */ = {isa = PBXFileReference; lastKnownFileType = sourcecode.c.h; path = "RaspberryPiSDK-Prefix.pch"; sourceTree = "<group>"; };
		B70C0B8E19720D550089AA10 /* XCTest.framework */ = {isa = PBXFileReference; lastKnownFileType = wrapper.framework; name = XCTest.framework; path = Library/Frameworks/XCTest.framework; sourceTree = DEVELOPER_DIR; };
		B70C0B9119720D550089AA10 /* UIKit.framework */ = {isa = PBXFileReference; lastKnownFileType = wrapper.framework; name = UIKit.framework; path = Library/Frameworks/UIKit.framework; sourceTree = DEVELOPER_DIR; };
		B70C0BA619720DE30089AA10 /* RaspberryPiSDK.h */ = {isa = PBXFileReference; fileEncoding = 4; lastKnownFileType = sourcecode.c.h; path = RaspberryPiSDK.h; sourceTree = "<group>"; };
		B70C0BAA19720E350089AA10 /* RPISessionManager.h */ = {isa = PBXFileReference; fileEncoding = 4; lastKnownFileType = sourcecode.c.h; path = RPISessionManager.h; sourceTree = "<group>"; };
		B70C0BAB19720E350089AA10 /* RPISessionManager.m */ = {isa = PBXFileReference; fileEncoding = 4; lastKnownFileType = sourcecode.c.objc; path = RPISessionManager.m; sourceTree = "<group>"; };
		B70C0BAD19720E440089AA10 /* RPIDiscoveryManager.h */ = {isa = PBXFileReference; fileEncoding = 4; lastKnownFileType = sourcecode.c.h; path = RPIDiscoveryManager.h; sourceTree = "<group>"; };
		B70C0BAE19720E440089AA10 /* RPIDiscoveryManager.m */ = {isa = PBXFileReference; fileEncoding = 4; lastKnownFileType = sourcecode.c.objc; path = RPIDiscoveryManager.m; sourceTree = "<group>"; };
		B70C0BB019720E640089AA10 /* RPIDevice.h */ = {isa = PBXFileReference; fileEncoding = 4; lastKnownFileType = sourcecode.c.h; path = RPIDevice.h; sourceTree = "<group>"; };
		B70C0BB119720E640089AA10 /* RPIDevice.m */ = {isa = PBXFileReference; fileEncoding = 4; lastKnownFileType = sourcecode.c.objc; path = RPIDevice.m; sourceTree = "<group>"; };
		B72D819119736718000ED650 /* RPISessionManagerExecuteCommandTests.m */ = {isa = PBXFileReference; fileEncoding = 4; lastKnownFileType = sourcecode.c.objc; path = RPISessionManagerExecuteCommandTests.m; sourceTree = "<group>"; };
		B755330019721C1E007E8E3D /* RPILocalDeviceDiscoveryManager.h */ = {isa = PBXFileReference; fileEncoding = 4; lastKnownFileType = sourcecode.c.h; name = RPILocalDeviceDiscoveryManager.h; path = Internal/RPILocalDeviceDiscoveryManager.h; sourceTree = "<group>"; };
		B755330119721C1E007E8E3D /* RPILocalDeviceDiscoveryManager.m */ = {isa = PBXFileReference; fileEncoding = 4; lastKnownFileType = sourcecode.c.objc; name = RPILocalDeviceDiscoveryManager.m; path = Internal/RPILocalDeviceDiscoveryManager.m; sourceTree = "<group>"; };
		B755330319721C69007E8E3D /* RPIDeviceDiscoveryManager.h */ = {isa = PBXFileReference; lastKnownFileType = sourcecode.c.h; name = RPIDeviceDiscoveryManager.h; path = Internal/RPIDeviceDiscoveryManager.h; sourceTree = "<group>"; };
		B755330419722171007E8E3D /* RPIDiscoveryManagerStatus.h */ = {isa = PBXFileReference; fileEncoding = 4; lastKnownFileType = sourcecode.c.h; path = RPIDiscoveryManagerStatus.h; sourceTree = "<group>"; };
		B755330919726048007E8E3D /* RPIError.h */ = {isa = PBXFileReference; fileEncoding = 4; lastKnownFileType = sourcecode.c.h; path = RPIError.h; sourceTree = "<group>"; };
		B755330A19726048007E8E3D /* RPIError.m */ = {isa = PBXFileReference; fileEncoding = 4; lastKnownFileType = sourcecode.c.objc; path = RPIError.m; sourceTree = "<group>"; };
		B755330D1972618A007E8E3D /* RPINMSSHErrorHandler.h */ = {isa = PBXFileReference; fileEncoding = 4; lastKnownFileType = sourcecode.c.h; name = RPINMSSHErrorHandler.h; path = Internal/RPINMSSHErrorHandler.h; sourceTree = "<group>"; };
		B755330E1972618A007E8E3D /* RPINMSSHErrorHandler.m */ = {isa = PBXFileReference; fileEncoding = 4; lastKnownFileType = sourcecode.c.objc; name = RPINMSSHErrorHandler.m; path = Internal/RPINMSSHErrorHandler.m; sourceTree = "<group>"; };
		B78E796C197346D30022FBC7 /* RaspberryPiSDKUnitTests.xctest */ = {isa = PBXFileReference; explicitFileType = wrapper.cfbundle; includeInIndex = 0; path = RaspberryPiSDKUnitTests.xctest; sourceTree = BUILT_PRODUCTS_DIR; };
		B78E7972197346D30022FBC7 /* RaspberryPiSDKUnitTests-Info.plist */ = {isa = PBXFileReference; lastKnownFileType = text.plist.xml; path = "RaspberryPiSDKUnitTests-Info.plist"; sourceTree = "<group>"; };
		B78E7974197346D30022FBC7 /* en */ = {isa = PBXFileReference; lastKnownFileType = text.plist.strings; name = en; path = en.lproj/InfoPlist.strings; sourceTree = "<group>"; };
		B78E7978197346D30022FBC7 /* RaspberryPiSDKUnitTests-Prefix.pch */ = {isa = PBXFileReference; lastKnownFileType = sourcecode.c.h; path = "RaspberryPiSDKUnitTests-Prefix.pch"; sourceTree = "<group>"; };
		B78E797E197346E10022FBC7 /* RPISessionManagerInvalidIPAddressTests.m */ = {isa = PBXFileReference; fileEncoding = 4; lastKnownFileType = sourcecode.c.objc; path = RPISessionManagerInvalidIPAddressTests.m; sourceTree = "<group>"; };
		B78E7981197347030022FBC7 /* libPods-NMSSH.a */ = {isa = PBXFileReference; lastKnownFileType = archive.ar; name = "libPods-NMSSH.a"; path = "Pods/build/Debug-iphoneos/libPods-NMSSH.a"; sourceTree = "<group>"; };
		B79423D5197348820017120D /* libPods.a */ = {isa = PBXFileReference; lastKnownFileType = archive.ar; name = libPods.a; path = "Pods/build/Debug-iphoneos/libPods.a"; sourceTree = "<group>"; };
		B7FC202319733AF5007490D0 /* libPods.a */ = {isa = PBXFileReference; lastKnownFileType = archive.ar; name = libPods.a; path = "Pods/build/Debug-iphoneos/libPods.a"; sourceTree = "<group>"; };
		EFB15EB263524DB8A3DC848F /* libPods.a */ = {isa = PBXFileReference; explicitFileType = archive.ar; includeInIndex = 0; path = libPods.a; sourceTree = BUILT_PRODUCTS_DIR; };
		F787619F31894B6DBE5E949A /* Pods.xcconfig */ = {isa = PBXFileReference; includeInIndex = 1; lastKnownFileType = text.xcconfig; name = Pods.xcconfig; path = Pods/Pods.xcconfig; sourceTree = "<group>"; };
/* End PBXFileReference section */

/* Begin PBXFrameworksBuildPhase section */
		B70C0B7A19720D550089AA10 /* Frameworks */ = {
			isa = PBXFrameworksBuildPhase;
			buildActionMask = 2147483647;
			files = (
				B70C0B8119720D550089AA10 /* Foundation.framework in Frameworks */,
				1A8A8A26B6C7479A9186DA19 /* libPods.a in Frameworks */,
			);
			runOnlyForDeploymentPostprocessing = 0;
		};
		B78E7969197346D30022FBC7 /* Frameworks */ = {
			isa = PBXFrameworksBuildPhase;
			buildActionMask = 2147483647;
			files = (
				B78E7980197346F90022FBC7 /* libRaspberryPiSDK.a in Frameworks */,
				B78E796D197346D30022FBC7 /* XCTest.framework in Frameworks */,
				B78E796E197346D30022FBC7 /* Foundation.framework in Frameworks */,
			);
			runOnlyForDeploymentPostprocessing = 0;
		};
/* End PBXFrameworksBuildPhase section */

/* Begin PBXGroup section */
		B70C0B7419720D550089AA10 = {
			isa = PBXGroup;
			children = (
				B70C0B8219720D550089AA10 /* RaspberryPiSDK */,
				B78E7970197346D30022FBC7 /* RaspberryPiSDKUnitTests */,
				B70C0B7F19720D550089AA10 /* Frameworks */,
				B70C0B7E19720D550089AA10 /* Products */,
				F787619F31894B6DBE5E949A /* Pods.xcconfig */,
			);
			sourceTree = "<group>";
		};
		B70C0B7E19720D550089AA10 /* Products */ = {
			isa = PBXGroup;
			children = (
				B70C0B7D19720D550089AA10 /* libRaspberryPiSDK.a */,
				B78E796C197346D30022FBC7 /* RaspberryPiSDKUnitTests.xctest */,
			);
			name = Products;
			sourceTree = "<group>";
		};
		B70C0B7F19720D550089AA10 /* Frameworks */ = {
			isa = PBXGroup;
			children = (
				B79423D5197348820017120D /* libPods.a */,
				B78E7981197347030022FBC7 /* libPods-NMSSH.a */,
				B7FC202319733AF5007490D0 /* libPods.a */,
				B70C0B8019720D550089AA10 /* Foundation.framework */,
				B70C0B8E19720D550089AA10 /* XCTest.framework */,
				B70C0B9119720D550089AA10 /* UIKit.framework */,
				EFB15EB263524DB8A3DC848F /* libPods.a */,
			);
			name = Frameworks;
			sourceTree = "<group>";
		};
		B70C0B8219720D550089AA10 /* RaspberryPiSDK */ = {
			isa = PBXGroup;
			children = (
				B70C0BA619720DE30089AA10 /* RaspberryPiSDK.h */,
				B70C0BB019720E640089AA10 /* RPIDevice.h */,
				B70C0BB119720E640089AA10 /* RPIDevice.m */,
				B755330919726048007E8E3D /* RPIError.h */,
				B755330A19726048007E8E3D /* RPIError.m */,
				B70C0BAA19720E350089AA10 /* RPISessionManager.h */,
				B70C0BAB19720E350089AA10 /* RPISessionManager.m */,
				B70C0BAD19720E440089AA10 /* RPIDiscoveryManager.h */,
				B70C0BAE19720E440089AA10 /* RPIDiscoveryManager.m */,
				B755330419722171007E8E3D /* RPIDiscoveryManagerStatus.h */,
				B75532FF19721BDF007E8E3D /* Internal */,
				B70C0B8319720D550089AA10 /* Supporting Files */,
			);
			path = RaspberryPiSDK;
			sourceTree = "<group>";
		};
		B70C0B8319720D550089AA10 /* Supporting Files */ = {
			isa = PBXGroup;
			children = (
				B70C0B8419720D550089AA10 /* RaspberryPiSDK-Prefix.pch */,
			);
			name = "Supporting Files";
			sourceTree = "<group>";
		};
		B75532FF19721BDF007E8E3D /* Internal */ = {
			isa = PBXGroup;
			children = (
				B755330D1972618A007E8E3D /* RPINMSSHErrorHandler.h */,
				B755330E1972618A007E8E3D /* RPINMSSHErrorHandler.m */,
				B755330319721C69007E8E3D /* RPIDeviceDiscoveryManager.h */,
				B755330019721C1E007E8E3D /* RPILocalDeviceDiscoveryManager.h */,
				B755330119721C1E007E8E3D /* RPILocalDeviceDiscoveryManager.m */,
			);
			name = Internal;
			sourceTree = "<group>";
		};
		B78E7970197346D30022FBC7 /* RaspberryPiSDKUnitTests */ = {
			isa = PBXGroup;
			children = (
				B78E797E197346E10022FBC7 /* RPISessionManagerInvalidIPAddressTests.m */,
				B72D819119736718000ED650 /* RPISessionManagerExecuteCommandTests.m */,
				B78E7971197346D30022FBC7 /* Supporting Files */,
			);
			path = RaspberryPiSDKUnitTests;
			sourceTree = "<group>";
		};
		B78E7971197346D30022FBC7 /* Supporting Files */ = {
			isa = PBXGroup;
			children = (
				B78E7972197346D30022FBC7 /* RaspberryPiSDKUnitTests-Info.plist */,
				B78E7973197346D30022FBC7 /* InfoPlist.strings */,
				B78E7978197346D30022FBC7 /* RaspberryPiSDKUnitTests-Prefix.pch */,
			);
			name = "Supporting Files";
			sourceTree = "<group>";
		};
/* End PBXGroup section */

/* Begin PBXHeadersBuildPhase section */
		B7CA7CD519735CAF00DE0FD8 /* Headers */ = {
			isa = PBXHeadersBuildPhase;
			buildActionMask = 2147483647;
			files = (
				B713BCD919735CF60063893C /* RaspberryPiSDK.h in Headers */,
				B713BCDA19735CF60063893C /* RPIDevice.h in Headers */,
				B713BCDB19735CF60063893C /* RPIError.h in Headers */,
				B713BCDC19735CF60063893C /* RPISessionManager.h in Headers */,
				B713BCDD19735CF60063893C /* RPIDiscoveryManager.h in Headers */,
				B713BCDF19735D050063893C /* RPINMSSHErrorHandler.h in Headers */,
				B713BCE119735D0D0063893C /* RPILocalDeviceDiscoveryManager.h in Headers */,
				B713BCDE19735CF60063893C /* RPIDiscoveryManagerStatus.h in Headers */,
				B713BCE019735D0A0063893C /* RPIDeviceDiscoveryManager.h in Headers */,
			);
			runOnlyForDeploymentPostprocessing = 0;
		};
/* End PBXHeadersBuildPhase section */

/* Begin PBXNativeTarget section */
		B70C0B7C19720D550089AA10 /* RaspberryPiSDK */ = {
			isa = PBXNativeTarget;
			buildConfigurationList = B70C0BA019720D550089AA10 /* Build configuration list for PBXNativeTarget "RaspberryPiSDK" */;
			buildPhases = (
				0FA49A067C164BE5912D9B90 /* Check Pods Manifest.lock */,
				B70C0B7919720D550089AA10 /* Sources */,
				B70C0B7A19720D550089AA10 /* Frameworks */,
				B70C0B7B19720D550089AA10 /* CopyFiles */,
				CDA7D369FAB743DE8F6C7A8E /* Copy Pods Resources */,
				B7CA7CD519735CAF00DE0FD8 /* Headers */,
			);
			buildRules = (
			);
			dependencies = (
			);
			name = RaspberryPiSDK;
			productName = RaspberryPiSDK;
			productReference = B70C0B7D19720D550089AA10 /* libRaspberryPiSDK.a */;
			productType = "com.apple.product-type.library.static";
		};
		B78E796B197346D30022FBC7 /* RaspberryPiSDKUnitTests */ = {
			isa = PBXNativeTarget;
			buildConfigurationList = B78E797B197346D30022FBC7 /* Build configuration list for PBXNativeTarget "RaspberryPiSDKUnitTests" */;
			buildPhases = (
				213DDBF8D55C4B60862980D0 /* Check Pods Manifest.lock */,
				B78E7968197346D30022FBC7 /* Sources */,
				B78E7969197346D30022FBC7 /* Frameworks */,
				B78E796A197346D30022FBC7 /* Resources */,
				AC41EE967CF84D1FB629BCB3 /* Copy Pods Resources */,
			);
			buildRules = (
			);
			dependencies = (
				B78E797A197346D30022FBC7 /* PBXTargetDependency */,
			);
			name = RaspberryPiSDKUnitTests;
			productName = RaspberryPiSDKUnitTests;
			productReference = B78E796C197346D30022FBC7 /* RaspberryPiSDKUnitTests.xctest */;
			productType = "com.apple.product-type.bundle.unit-test";
		};
/* End PBXNativeTarget section */

/* Begin PBXProject section */
		B70C0B7519720D550089AA10 /* Project object */ = {
			isa = PBXProject;
			attributes = {
				LastUpgradeCheck = 0510;
				TargetAttributes = {
					B78E796B197346D30022FBC7 = {
						TestTargetID = B70C0B7C19720D550089AA10;
					};
				};
			};
			buildConfigurationList = B70C0B7819720D550089AA10 /* Build configuration list for PBXProject "RaspberryPiSDK" */;
			compatibilityVersion = "Xcode 3.2";
			developmentRegion = English;
			hasScannedForEncodings = 0;
			knownRegions = (
				en,
			);
			mainGroup = B70C0B7419720D550089AA10;
			productRefGroup = B70C0B7E19720D550089AA10 /* Products */;
			projectDirPath = "";
			projectRoot = "";
			targets = (
				B70C0B7C19720D550089AA10 /* RaspberryPiSDK */,
				B78E796B197346D30022FBC7 /* RaspberryPiSDKUnitTests */,
			);
		};
/* End PBXProject section */

/* Begin PBXResourcesBuildPhase section */
		B78E796A197346D30022FBC7 /* Resources */ = {
			isa = PBXResourcesBuildPhase;
			buildActionMask = 2147483647;
			files = (
				B78E7975197346D30022FBC7 /* InfoPlist.strings in Resources */,
			);
			runOnlyForDeploymentPostprocessing = 0;
		};
/* End PBXResourcesBuildPhase section */

/* Begin PBXShellScriptBuildPhase section */
		0FA49A067C164BE5912D9B90 /* Check Pods Manifest.lock */ = {
			isa = PBXShellScriptBuildPhase;
			buildActionMask = 2147483647;
			files = (
			);
			inputPaths = (
			);
			name = "Check Pods Manifest.lock";
			outputPaths = (
			);
			runOnlyForDeploymentPostprocessing = 0;
			shellPath = /bin/sh;
			shellScript = "diff \"${PODS_ROOT}/../Podfile.lock\" \"${PODS_ROOT}/Manifest.lock\" > /dev/null\nif [[ $? != 0 ]] ; then\n    cat << EOM\nerror: The sandbox is not in sync with the Podfile.lock. Run 'pod install' or update your CocoaPods installation.\nEOM\n    exit 1\nfi\n";
			showEnvVarsInLog = 0;
		};
		213DDBF8D55C4B60862980D0 /* Check Pods Manifest.lock */ = {
			isa = PBXShellScriptBuildPhase;
			buildActionMask = 2147483647;
			files = (
			);
			inputPaths = (
			);
			name = "Check Pods Manifest.lock";
			outputPaths = (
			);
			runOnlyForDeploymentPostprocessing = 0;
			shellPath = /bin/sh;
			shellScript = "diff \"${PODS_ROOT}/../Podfile.lock\" \"${PODS_ROOT}/Manifest.lock\" > /dev/null\nif [[ $? != 0 ]] ; then\n    cat << EOM\nerror: The sandbox is not in sync with the Podfile.lock. Run 'pod install' or update your CocoaPods installation.\nEOM\n    exit 1\nfi\n";
			showEnvVarsInLog = 0;
		};
		AC41EE967CF84D1FB629BCB3 /* Copy Pods Resources */ = {
			isa = PBXShellScriptBuildPhase;
			buildActionMask = 2147483647;
			files = (
			);
			inputPaths = (
			);
			name = "Copy Pods Resources";
			outputPaths = (
			);
			runOnlyForDeploymentPostprocessing = 0;
			shellPath = /bin/sh;
			shellScript = "\"${SRCROOT}/Pods/Pods-resources.sh\"\n";
			showEnvVarsInLog = 0;
		};
		CDA7D369FAB743DE8F6C7A8E /* Copy Pods Resources */ = {
			isa = PBXShellScriptBuildPhase;
			buildActionMask = 2147483647;
			files = (
			);
			inputPaths = (
			);
			name = "Copy Pods Resources";
			outputPaths = (
			);
			runOnlyForDeploymentPostprocessing = 0;
			shellPath = /bin/sh;
			shellScript = "\"${SRCROOT}/Pods/Pods-resources.sh\"\n";
			showEnvVarsInLog = 0;
		};
/* End PBXShellScriptBuildPhase section */

/* Begin PBXSourcesBuildPhase section */
		B70C0B7919720D550089AA10 /* Sources */ = {
			isa = PBXSourcesBuildPhase;
			buildActionMask = 2147483647;
			files = (
				B755330219721C1E007E8E3D /* RPILocalDeviceDiscoveryManager.m in Sources */,
				B70C0BAF19720E440089AA10 /* RPIDiscoveryManager.m in Sources */,
				B70C0BB219720E640089AA10 /* RPIDevice.m in Sources */,
				B70C0BAC19720E350089AA10 /* RPISessionManager.m in Sources */,
				B755330B19726048007E8E3D /* RPIError.m in Sources */,
				B755330F1972618A007E8E3D /* RPINMSSHErrorHandler.m in Sources */,
			);
			runOnlyForDeploymentPostprocessing = 0;
		};
		B78E7968197346D30022FBC7 /* Sources */ = {
			isa = PBXSourcesBuildPhase;
			buildActionMask = 2147483647;
			files = (
				B72D819219736718000ED650 /* RPISessionManagerExecuteCommandTests.m in Sources */,
				B78E797F197346E10022FBC7 /* RPISessionManagerInvalidIPAddressTests.m in Sources */,
			);
			runOnlyForDeploymentPostprocessing = 0;
		};
/* End PBXSourcesBuildPhase section */

/* Begin PBXTargetDependency section */
		B78E797A197346D30022FBC7 /* PBXTargetDependency */ = {
			isa = PBXTargetDependency;
			target = B70C0B7C19720D550089AA10 /* RaspberryPiSDK */;
			targetProxy = B78E7979197346D30022FBC7 /* PBXContainerItemProxy */;
		};
/* End PBXTargetDependency section */

/* Begin PBXVariantGroup section */
		B78E7973197346D30022FBC7 /* InfoPlist.strings */ = {
			isa = PBXVariantGroup;
			children = (
				B78E7974197346D30022FBC7 /* en */,
			);
			name = InfoPlist.strings;
			sourceTree = "<group>";
		};
/* End PBXVariantGroup section */

/* Begin XCBuildConfiguration section */
		B70C0B9E19720D550089AA10 /* Debug */ = {
			isa = XCBuildConfiguration;
			buildSettings = {
				ALWAYS_SEARCH_USER_PATHS = NO;
				CLANG_CXX_LANGUAGE_STANDARD = "gnu++0x";
				CLANG_CXX_LIBRARY = "libc++";
				CLANG_ENABLE_MODULES = YES;
				CLANG_ENABLE_OBJC_ARC = YES;
				CLANG_WARN_BOOL_CONVERSION = YES;
				CLANG_WARN_CONSTANT_CONVERSION = YES;
				CLANG_WARN_DIRECT_OBJC_ISA_USAGE = YES_ERROR;
				CLANG_WARN_EMPTY_BODY = YES;
				CLANG_WARN_ENUM_CONVERSION = YES;
				CLANG_WARN_INT_CONVERSION = YES;
				CLANG_WARN_OBJC_ROOT_CLASS = YES_ERROR;
				CLANG_WARN__DUPLICATE_METHOD_MATCH = YES;
				COPY_PHASE_STRIP = NO;
				GCC_C_LANGUAGE_STANDARD = gnu99;
				GCC_DYNAMIC_NO_PIC = NO;
				GCC_OPTIMIZATION_LEVEL = 0;
				GCC_PREPROCESSOR_DEFINITIONS = (
					"DEBUG=1",
					"$(inherited)",
				);
				GCC_SYMBOLS_PRIVATE_EXTERN = NO;
				GCC_WARN_64_TO_32_BIT_CONVERSION = YES;
				GCC_WARN_ABOUT_RETURN_TYPE = YES_ERROR;
				GCC_WARN_UNDECLARED_SELECTOR = YES;
				GCC_WARN_UNINITIALIZED_AUTOS = YES_AGGRESSIVE;
				GCC_WARN_UNUSED_FUNCTION = YES;
				GCC_WARN_UNUSED_VARIABLE = YES;
				IPHONEOS_DEPLOYMENT_TARGET = 7.1;
				ONLY_ACTIVE_ARCH = YES;
				SDKROOT = iphoneos;
			};
			name = Debug;
		};
		B70C0B9F19720D550089AA10 /* Release */ = {
			isa = XCBuildConfiguration;
			buildSettings = {
				ALWAYS_SEARCH_USER_PATHS = NO;
				CLANG_CXX_LANGUAGE_STANDARD = "gnu++0x";
				CLANG_CXX_LIBRARY = "libc++";
				CLANG_ENABLE_MODULES = YES;
				CLANG_ENABLE_OBJC_ARC = YES;
				CLANG_WARN_BOOL_CONVERSION = YES;
				CLANG_WARN_CONSTANT_CONVERSION = YES;
				CLANG_WARN_DIRECT_OBJC_ISA_USAGE = YES_ERROR;
				CLANG_WARN_EMPTY_BODY = YES;
				CLANG_WARN_ENUM_CONVERSION = YES;
				CLANG_WARN_INT_CONVERSION = YES;
				CLANG_WARN_OBJC_ROOT_CLASS = YES_ERROR;
				CLANG_WARN__DUPLICATE_METHOD_MATCH = YES;
				COPY_PHASE_STRIP = YES;
				ENABLE_NS_ASSERTIONS = NO;
				GCC_C_LANGUAGE_STANDARD = gnu99;
				GCC_WARN_64_TO_32_BIT_CONVERSION = YES;
				GCC_WARN_ABOUT_RETURN_TYPE = YES_ERROR;
				GCC_WARN_UNDECLARED_SELECTOR = YES;
				GCC_WARN_UNINITIALIZED_AUTOS = YES_AGGRESSIVE;
				GCC_WARN_UNUSED_FUNCTION = YES;
				GCC_WARN_UNUSED_VARIABLE = YES;
				IPHONEOS_DEPLOYMENT_TARGET = 7.1;
				SDKROOT = iphoneos;
				VALIDATE_PRODUCT = YES;
			};
			name = Release;
		};
		B70C0BA119720D550089AA10 /* Debug */ = {
			isa = XCBuildConfiguration;
			baseConfigurationReference = F787619F31894B6DBE5E949A /* Pods.xcconfig */;
			buildSettings = {
				DSTROOT = /tmp/RaspberryPiSDK.dst;
				GCC_PRECOMPILE_PREFIX_HEADER = YES;
				GCC_PREFIX_HEADER = "RaspberryPiSDK/RaspberryPiSDK-Prefix.pch";
				OTHER_LDFLAGS = "-ObjC";
				PRODUCT_NAME = "$(TARGET_NAME)";
				PUBLIC_HEADERS_FOLDER_PATH = "include/$(PROJECT_NAME)";
				SKIP_INSTALL = YES;
			};
			name = Debug;
		};
		B70C0BA219720D550089AA10 /* Release */ = {
			isa = XCBuildConfiguration;
			baseConfigurationReference = F787619F31894B6DBE5E949A /* Pods.xcconfig */;
			buildSettings = {
				DSTROOT = /tmp/RaspberryPiSDK.dst;
				GCC_PRECOMPILE_PREFIX_HEADER = YES;
				GCC_PREFIX_HEADER = "RaspberryPiSDK/RaspberryPiSDK-Prefix.pch";
				OTHER_LDFLAGS = "-ObjC";
				PRODUCT_NAME = "$(TARGET_NAME)";
				PUBLIC_HEADERS_FOLDER_PATH = "include/$(PROJECT_NAME)";
				SKIP_INSTALL = YES;
			};
			name = Release;
		};
		B78E797C197346D30022FBC7 /* Debug */ = {
			isa = XCBuildConfiguration;
			baseConfigurationReference = F787619F31894B6DBE5E949A /* Pods.xcconfig */;
			buildSettings = {
				FRAMEWORK_SEARCH_PATHS = (
					"$(SDKROOT)/Developer/Library/Frameworks",
					"$(inherited)",
					"$(DEVELOPER_FRAMEWORKS_DIR)",
				);
				GCC_PRECOMPILE_PREFIX_HEADER = YES;
				GCC_PREFIX_HEADER = "RaspberryPiSDKUnitTests/RaspberryPiSDKUnitTests-Prefix.pch";
				GCC_PREPROCESSOR_DEFINITIONS = (
					"DEBUG=1",
					"$(inherited)",
				);
				INFOPLIST_FILE = "RaspberryPiSDKUnitTests/RaspberryPiSDKUnitTests-Info.plist";
				LIBRARY_SEARCH_PATHS = (
					"$(inherited)",
					"$(PROJECT_DIR)/Pods/build/Debug-iphoneos",
				);
				PRODUCT_NAME = "$(TARGET_NAME)";
				WRAPPER_EXTENSION = xctest;
			};
			name = Debug;
		};
		B78E797D197346D30022FBC7 /* Release */ = {
			isa = XCBuildConfiguration;
			baseConfigurationReference = F787619F31894B6DBE5E949A /* Pods.xcconfig */;
			buildSettings = {
				FRAMEWORK_SEARCH_PATHS = (
					"$(SDKROOT)/Developer/Library/Frameworks",
					"$(inherited)",
					"$(DEVELOPER_FRAMEWORKS_DIR)",
				);
				GCC_PRECOMPILE_PREFIX_HEADER = YES;
				GCC_PREFIX_HEADER = "RaspberryPiSDKUnitTests/RaspberryPiSDKUnitTests-Prefix.pch";
				INFOPLIST_FILE = "RaspberryPiSDKUnitTests/RaspberryPiSDKUnitTests-Info.plist";
				LIBRARY_SEARCH_PATHS = (
					"$(inherited)",
					"$(PROJECT_DIR)/Pods/build/Debug-iphoneos",
				);
				PRODUCT_NAME = "$(TARGET_NAME)";
				WRAPPER_EXTENSION = xctest;
			};
			name = Release;
		};
/* End XCBuildConfiguration section */

/* Begin XCConfigurationList section */
		B70C0B7819720D550089AA10 /* Build configuration list for PBXProject "RaspberryPiSDK" */ = {
			isa = XCConfigurationList;
			buildConfigurations = (
				B70C0B9E19720D550089AA10 /* Debug */,
				B70C0B9F19720D550089AA10 /* Release */,
			);
			defaultConfigurationIsVisible = 0;
			defaultConfigurationName = Release;
		};
		B70C0BA019720D550089AA10 /* Build configuration list for PBXNativeTarget "RaspberryPiSDK" */ = {
			isa = XCConfigurationList;
			buildConfigurations = (
				B70C0BA119720D550089AA10 /* Debug */,
				B70C0BA219720D550089AA10 /* Release */,
			);
			defaultConfigurationIsVisible = 0;
			defaultConfigurationName = Release;
		};
		B78E797B197346D30022FBC7 /* Build configuration list for PBXNativeTarget "RaspberryPiSDKUnitTests" */ = {
			isa = XCConfigurationList;
			buildConfigurations = (
				B78E797C197346D30022FBC7 /* Debug */,
				B78E797D197346D30022FBC7 /* Release */,
			);
			defaultConfigurationIsVisible = 0;
			defaultConfigurationName = Release;
		};
/* End XCConfigurationList section */
	};
	rootObject = B70C0B7519720D550089AA10 /* Project object */;
}
